{
  "name": "discord-br.js",
  "version": "1.1.5",
  "lockfileVersion": 2,
  "requires": true,
  "packages": {
    "": {
      "name": "discord-br.js",
      "version": "1.1.5",
      "license": "ISC",
      "dependencies": {
        "discord-br.js": "^1.1.5",
        "events": "^3.2.0",
        "ws": "^7.4.3"
      }
    },
    "node_modules/discord-br.js": {
      "version": "1.1.5",
      "resolved": "https://registry.npmjs.org/discord-br.js/-/discord-br.js-1.1.5.tgz",
      "integrity": "sha512-FDHeZ1Uptr+NPpkF7hpLCWlr7yXLmpu0sEqyYr5SpIVnwNzebxd83r1EdRCA0ql7EIiYQjMfZ8MzXlT4837hiw==",
      "dependencies": {
        "discord-br.js": "^1.1.2",
        "events": "^3.2.0",
        "ws": "^7.4.3"
      }
    },
    "node_modules/events": {
      "version": "3.2.0",
      "resolved": "https://registry.npmjs.org/events/-/events-3.2.0.tgz",
      "integrity": "sha512-/46HWwbfCX2xTawVfkKLGxMifJYQBWMwY1mjywRtb4c9x8l5NP3KoJtnIOiL1hfdRkIuYhETxQlo62IF8tcnlg==",
      "engines": {
        "node": ">=0.8.x"
      }
    },
    "node_modules/ws": {
      "version": "7.4.3",
      "resolved": "https://registry.npmjs.org/ws/-/ws-7.4.3.tgz",
      "integrity": "sha512-hr6vCR76GsossIRsr8OLR9acVVm1jyfEWvhbNjtgPOrfvAlKzvyeg/P6r8RuDjRyrcQoPQT7K0DGEPc7Ae6jzA==",
      "engines": {
        "node": ">=8.3.0"
      },
      "peerDependencies": {
        "bufferutil": "^4.0.1",
        "utf-8-validate": "^5.0.2"
      },
      "peerDependenciesMeta": {
        "bufferutil": {
          "optional": true
        },
        "utf-8-validate": {
          "optional": true
        }
      }
    }
  },
  "dependencies": {
    "discord-br.js": {
      "version": "1.1.5",
      "resolved": "https://registry.npmjs.org/discord-br.js/-/discord-br.js-1.1.5.tgz",
      "integrity": "sha512-FDHeZ1Uptr+NPpkF7hpLCWlr7yXLmpu0sEqyYr5SpIVnwNzebxd83r1EdRCA0ql7EIiYQjMfZ8MzXlT4837hiw==",
      "requires": {
        "discord-br.js": "^1.1.2",
        "events": "^3.2.0",
        "ws": "^7.4.3"
      }
    },
    "events": {
      "version": "3.2.0",
      "resolved": "https://registry.npmjs.org/events/-/events-3.2.0.tgz",
      "integrity": "sha512-/46HWwbfCX2xTawVfkKLGxMifJYQBWMwY1mjywRtb4c9x8l5NP3KoJtnIOiL1hfdRkIuYhETxQlo62IF8tcnlg=="
    },
    "ws": {
      "version": "7.4.3",
      "resolved": "https://registry.npmjs.org/ws/-/ws-7.4.3.tgz",
      "integrity": "sha512-hr6vCR76GsossIRsr8OLR9acVVm1jyfEWvhbNjtgPOrfvAlKzvyeg/P6r8RuDjRyrcQoPQT7K0DGEPc7Ae6jzA==",
      "requires": {}
    }
  }
}
