{
  "name": "discord-br.js",
  "version": "1.0.5",
  "lockfileVersion": 2,
  "requires": true,
  "packages": {
    "": {
      "name": "discord-br.js",
      "version": "1.0.5",
      "license": "ISC",
      "dependencies": {
        "deno": "^0.0.6",
        "discord-br.js": "^1.0.5",
        "ws": "^7.4.3"
      }
    },
    "node_modules/dafo": {
      "version": "0.1.1",
      "resolved": "https://registry.npmjs.org/dafo/-/dafo-0.1.1.tgz",
      "integrity": "sha512-18XhtDt5qQ5pAfWzo1t3mRXQPanY8diFQFjCxh+/0mko5QHztCv6oLgPL9kKxB8aeYutp8lWC7BqjGzC8GWX1w==",
      "dependencies": {
        "noda": "^0.1.2"
      }
    },
    "node_modules/dafo/node_modules/noda": {
      "version": "0.1.2",
      "resolved": "https://registry.npmjs.org/noda/-/noda-0.1.2.tgz",
      "integrity": "sha1-bDr9YHLECqzyLb9UFQ3tFJmVtso="
    },
    "node_modules/deno": {
      "version": "0.0.6",
      "resolved": "https://registry.npmjs.org/deno/-/deno-0.0.6.tgz",
      "integrity": "sha512-igzR9HH35Cz9I3SHIQnkb8NTbFMKV5neJfODCwKkrBfzDbYKQp1W1u6BgtPBulds5n8+vzMXrekg4u+rMFNmfw==",
      "dependencies": {
        "dafo": "^0.1.1",
        "noda": "^0.5.0",
        "qir": "^0.0.6"
      },
      "bin": {
        "install.js": "try-deno"
      }
    },
    "node_modules/discord-br.js": {
      "version": "1.0.5",
      "resolved": "https://registry.npmjs.org/discord-br.js/-/discord-br.js-1.0.5.tgz",
      "integrity": "sha512-LW4MGlU4jfkn8LgQnU/4AD0IYiI5zRQDphRKkEu9KxQfPOLOXIwdll9xTOrcNRSbKHwqpHECOnWbqlmilqy5AQ==",
      "dependencies": {
        "deno": "^0.0.6",
        "discord-br.js": "^1.0.5",
        "ws": "^7.4.3"
      }
    },
    "node_modules/noda": {
      "version": "0.5.0",
      "resolved": "https://registry.npmjs.org/noda/-/noda-0.5.0.tgz",
      "integrity": "sha512-G3gEH6IF4CHJToi6hGbQWOI+BYsBddampYEsX9Hi/ADUaqLZmWKp6P9j5I0s+zYvamg0+VMLBj8p2YH38P4zXg==",
      "engines": {
        "node": ">=6"
      }
    },
    "node_modules/qir": {
      "version": "0.0.6",
      "resolved": "https://registry.npmjs.org/qir/-/qir-0.0.6.tgz",
      "integrity": "sha512-nxM09a6cEpmdhUq541FQJ/5FRNgEcqqH1RDrxoaDo8zD5YjVjlAZohImclZDe0cbuAzFwiYR/rIjLa+R1utCTw==",
      "dependencies": {
        "noda": "^0.5.0"
      }
    },
    "node_modules/ws": {
      "version": "7.4.3",
      "resolved": "https://registry.npmjs.org/ws/-/ws-7.4.3.tgz",
      "integrity": "sha512-hr6vCR76GsossIRsr8OLR9acVVm1jyfEWvhbNjtgPOrfvAlKzvyeg/P6r8RuDjRyrcQoPQT7K0DGEPc7Ae6jzA==",
      "engines": {
        "node": ">=8.3.0"
      },
      "peerDependencies": {
        "bufferutil": "^4.0.1",
        "utf-8-validate": "^5.0.2"
      },
      "peerDependenciesMeta": {
        "bufferutil": {
          "optional": true
        },
        "utf-8-validate": {
          "optional": true
        }
      }
    }
  },
  "dependencies": {
    "dafo": {
      "version": "0.1.1",
      "resolved": "https://registry.npmjs.org/dafo/-/dafo-0.1.1.tgz",
      "integrity": "sha512-18XhtDt5qQ5pAfWzo1t3mRXQPanY8diFQFjCxh+/0mko5QHztCv6oLgPL9kKxB8aeYutp8lWC7BqjGzC8GWX1w==",
      "requires": {
        "noda": "^0.1.2"
      },
      "dependencies": {
        "noda": {
          "version": "0.1.2",
          "resolved": "https://registry.npmjs.org/noda/-/noda-0.1.2.tgz",
          "integrity": "sha1-bDr9YHLECqzyLb9UFQ3tFJmVtso="
        }
      }
    },
    "deno": {
      "version": "0.0.6",
      "resolved": "https://registry.npmjs.org/deno/-/deno-0.0.6.tgz",
      "integrity": "sha512-igzR9HH35Cz9I3SHIQnkb8NTbFMKV5neJfODCwKkrBfzDbYKQp1W1u6BgtPBulds5n8+vzMXrekg4u+rMFNmfw==",
      "requires": {
        "dafo": "^0.1.1",
        "noda": "^0.5.0",
        "qir": "^0.0.6"
      }
    },
    "discord-br.js": {
      "version": "1.0.5",
      "resolved": "https://registry.npmjs.org/discord-br.js/-/discord-br.js-1.0.5.tgz",
      "integrity": "sha512-LW4MGlU4jfkn8LgQnU/4AD0IYiI5zRQDphRKkEu9KxQfPOLOXIwdll9xTOrcNRSbKHwqpHECOnWbqlmilqy5AQ==",
      "requires": {
        "deno": "^0.0.6",
        "discord-br.js": "^1.0.5",
        "ws": "^7.4.3"
      }
    },
    "noda": {
      "version": "0.5.0",
      "resolved": "https://registry.npmjs.org/noda/-/noda-0.5.0.tgz",
      "integrity": "sha512-G3gEH6IF4CHJToi6hGbQWOI+BYsBddampYEsX9Hi/ADUaqLZmWKp6P9j5I0s+zYvamg0+VMLBj8p2YH38P4zXg=="
    },
    "qir": {
      "version": "0.0.6",
      "resolved": "https://registry.npmjs.org/qir/-/qir-0.0.6.tgz",
      "integrity": "sha512-nxM09a6cEpmdhUq541FQJ/5FRNgEcqqH1RDrxoaDo8zD5YjVjlAZohImclZDe0cbuAzFwiYR/rIjLa+R1utCTw==",
      "requires": {
        "noda": "^0.5.0"
      }
    },
    "ws": {
      "version": "7.4.3",
      "resolved": "https://registry.npmjs.org/ws/-/ws-7.4.3.tgz",
      "integrity": "sha512-hr6vCR76GsossIRsr8OLR9acVVm1jyfEWvhbNjtgPOrfvAlKzvyeg/P6r8RuDjRyrcQoPQT7K0DGEPc7Ae6jzA==",
      "requires": {}
    }
  }
}
